
Microsoft Visual Studio Solution File, Format Version 12.00
# Visual Studio 15
VisualStudioVersion = 15.0.28307.421
MinimumVisualStudioVersion = 10.0.40219.1
Project("{FAE04EC0-301F-11D3-BF4B-00C04F79EFBC}") = "lab4", "lab4\lab4.csproj", "{C75F3184-D0A8-4A88-9318-0CF2855AFBC7}"
EndProject
Global
	GlobalSection(SolutionConfigurationPlatforms) = preSolution
		Debug|Any CPU = Debug|Any CPU
		Release|Any CPU = Release|Any CPU
	EndGlobalSection
	GlobalSection(ProjectConfigurationPlatforms) = postSolution
		{C75F3184-D0A8-4A88-9318-0CF2855AFBC7}.Debug|Any CPU.ActiveCfg = Debug|Any CPU
		{C75F3184-D0A8-4A88-9318-0CF2855AFBC7}.Debug|Any CPU.Build.0 = Debug|Any CPU
		{C75F3184-D0A8-4A88-9318-0CF2855AFBC7}.Release|Any CPU.ActiveCfg = Release|Any CPU
		{C75F3184-D0A8-4A88-9318-0CF2855AFBC7}.Release|Any CPU.Build.0 = Release|Any CPU
	EndGlobalSection
	GlobalSection(SolutionProperties) = preSolution
		HideSolutionNode = FALSE
	EndGlobalSection
	GlobalSection(ExtensibilityGlobals) = postSolution
		SolutionGuid = {54B8EE0D-2612-4AED-A580-E143DABD2346}
	EndGlobalSection
EndGlobal
