
Microsoft Visual Studio Solution File, Format Version 12.00
# Visual Studio 15
VisualStudioVersion = 15.0.28307.421
MinimumVisualStudioVersion = 10.0.40219.1
Project("{FAE04EC0-301F-11D3-BF4B-00C04F79EFBC}") = "xlaba", "xlaba\xlaba.csproj", "{FE19032B-BF2B-4396-A984-49678D74B517}"
EndProject
Global
	GlobalSection(SolutionConfigurationPlatforms) = preSolution
		Debug|Any CPU = Debug|Any CPU
		Release|Any CPU = Release|Any CPU
	EndGlobalSection
	GlobalSection(ProjectConfigurationPlatforms) = postSolution
		{FE19032B-BF2B-4396-A984-49678D74B517}.Debug|Any CPU.ActiveCfg = Debug|Any CPU
		{FE19032B-BF2B-4396-A984-49678D74B517}.Debug|Any CPU.Build.0 = Debug|Any CPU
		{FE19032B-BF2B-4396-A984-49678D74B517}.Release|Any CPU.ActiveCfg = Release|Any CPU
		{FE19032B-BF2B-4396-A984-49678D74B517}.Release|Any CPU.Build.0 = Release|Any CPU
	EndGlobalSection
	GlobalSection(SolutionProperties) = preSolution
		HideSolutionNode = FALSE
	EndGlobalSection
	GlobalSection(ExtensibilityGlobals) = postSolution
		SolutionGuid = {47C4F532-A0D3-4DF6-9047-93E96BCA8AF8}
	EndGlobalSection
EndGlobal
